// !$*UTF8*$!
{
	archiveVersion = 1;
	classes = {
	};
	objectVersion = 46;
	objects = {

/* Begin PBXBuildFile section */
		744299BA9678E17C36176703 /* Pods_LxProjectTemplateDemo.framework in Frameworks */ = {isa = PBXBuildFile; fileRef = AB265076815BAAFF182F2951 /* Pods_LxProjectTemplateDemo.framework */; };
		B61462371C192A50000C571B /* NSObject+LxTools.m in Sources */ = {isa = PBXBuildFile; fileRef = B61462361C192A50000C571B /* NSObject+LxTools.m */; };
		B614623E1C194E18000C571B /* NSArray+LxTools.m in Sources */ = {isa = PBXBuildFile; fileRef = B614623D1C194E18000C571B /* NSArray+LxTools.m */; };
		B61462411C195920000C571B /* NSString+LxTools.m in Sources */ = {isa = PBXBuildFile; fileRef = B61462401C195920000C571B /* NSString+LxTools.m */; };
		B61462441C19597A000C571B /* NSMutableArray+LxTools.m in Sources */ = {isa = PBXBuildFile; fileRef = B61462431C19597A000C571B /* NSMutableArray+LxTools.m */; };
		B61462471C195B37000C571B /* NSDictionary+LxTools.m in Sources */ = {isa = PBXBuildFile; fileRef = B61462461C195B37000C571B /* NSDictionary+LxTools.m */; };
		B614624A1C195D0A000C571B /* NSData+LxTools.m in Sources */ = {isa = PBXBuildFile; fileRef = B61462491C195D0A000C571B /* NSData+LxTools.m */; };
		B614624D1C195DFD000C571B /* NSDate+LxTools.m in Sources */ = {isa = PBXBuildFile; fileRef = B614624C1C195DFD000C571B /* NSDate+LxTools.m */; };
		B61462521C196A2D000C571B /* UIColor+LxTools.m in Sources */ = {isa = PBXBuildFile; fileRef = B61462511C196A2D000C571B /* UIColor+LxTools.m */; };
		B61462551C196B35000C571B /* UIImage+LxTools.m in Sources */ = {isa = PBXBuildFile; fileRef = B61462541C196B35000C571B /* UIImage+LxTools.m */; };
		B61462581C196B8F000C571B /* UIView+LxTools.m in Sources */ = {isa = PBXBuildFile; fileRef = B61462571C196B8F000C571B /* UIView+LxTools.m */; };
		B614625B1C196BA8000C571B /* UIScrollView+LxTools.m in Sources */ = {isa = PBXBuildFile; fileRef = B614625A1C196BA8000C571B /* UIScrollView+LxTools.m */; };
		B614625E1C196BC9000C571B /* UITableView+LxTools.m in Sources */ = {isa = PBXBuildFile; fileRef = B614625D1C196BC9000C571B /* UITableView+LxTools.m */; };
		B61462611C196BDF000C571B /* UICollectionView+LxTools.m in Sources */ = {isa = PBXBuildFile; fileRef = B61462601C196BDF000C571B /* UICollectionView+LxTools.m */; };
		B61462641C196C43000C571B /* UICollectionViewCell+LxTools.m in Sources */ = {isa = PBXBuildFile; fileRef = B61462631C196C43000C571B /* UICollectionViewCell+LxTools.m */; };
		B61462671C196C56000C571B /* UITableViewCell+LxTools.m in Sources */ = {isa = PBXBuildFile; fileRef = B61462661C196C56000C571B /* UITableViewCell+LxTools.m */; };
		B614626A1C196C79000C571B /* UIScreen+LxTools.m in Sources */ = {isa = PBXBuildFile; fileRef = B61462691C196C79000C571B /* UIScreen+LxTools.m */; };
		B614626D1C196C8E000C571B /* UIDevice+LxTools.m in Sources */ = {isa = PBXBuildFile; fileRef = B614626C1C196C8E000C571B /* UIDevice+LxTools.m */; };
		B61462701C196CD5000C571B /* UILabel+LxTools.m in Sources */ = {isa = PBXBuildFile; fileRef = B614626F1C196CD5000C571B /* UILabel+LxTools.m */; };
		B61462731C196CE9000C571B /* UITextField+LxTools.m in Sources */ = {isa = PBXBuildFile; fileRef = B61462721C196CE9000C571B /* UITextField+LxTools.m */; };
		B61462761C196CFF000C571B /* UITextView+LxTools.m in Sources */ = {isa = PBXBuildFile; fileRef = B61462751C196CFF000C571B /* UITextView+LxTools.m */; };
		B61462791C1973A8000C571B /* UIWebView+LxTools.m in Sources */ = {isa = PBXBuildFile; fileRef = B61462781C1973A8000C571B /* UIWebView+LxTools.m */; };
		B6C35FB61C14563500AEB514 /* main.m in Sources */ = {isa = PBXBuildFile; fileRef = B6C35FB51C14563500AEB514 /* main.m */; };
		B6C35FB91C14563500AEB514 /* AppDelegate.m in Sources */ = {isa = PBXBuildFile; fileRef = B6C35FB81C14563500AEB514 /* AppDelegate.m */; };
		B6C35FBC1C14563500AEB514 /* ViewController.m in Sources */ = {isa = PBXBuildFile; fileRef = B6C35FBB1C14563500AEB514 /* ViewController.m */; };
		B6C35FBF1C14563500AEB514 /* Main.storyboard in Resources */ = {isa = PBXBuildFile; fileRef = B6C35FBD1C14563500AEB514 /* Main.storyboard */; };
		B6C35FC21C14563500AEB514 /* LxProjectTemplateDemo.xcdatamodeld in Sources */ = {isa = PBXBuildFile; fileRef = B6C35FC01C14563500AEB514 /* LxProjectTemplateDemo.xcdatamodeld */; };
		B6C35FC41C14563500AEB514 /* Assets.xcassets in Resources */ = {isa = PBXBuildFile; fileRef = B6C35FC31C14563500AEB514 /* Assets.xcassets */; };
		B6C35FC71C14563500AEB514 /* LaunchScreen.storyboard in Resources */ = {isa = PBXBuildFile; fileRef = B6C35FC51C14563500AEB514 /* LaunchScreen.storyboard */; };
		B6C35FD21C14563500AEB514 /* LxProjectTemplateDemoTests.m in Sources */ = {isa = PBXBuildFile; fileRef = B6C35FD11C14563500AEB514 /* LxProjectTemplateDemoTests.m */; };
		B6C35FDD1C14563500AEB514 /* LxProjectTemplateDemoUITests.m in Sources */ = {isa = PBXBuildFile; fileRef = B6C35FDC1C14563500AEB514 /* LxProjectTemplateDemoUITests.m */; };
		B6C966961C1484AE00908EEA /* LxNetwotkManager.m in Sources */ = {isa = PBXBuildFile; fileRef = B6C966951C1484AE00908EEA /* LxNetwotkManager.m */; };
		B6C9669A1C1484DB00908EEA /* LxDataBaseManager.m in Sources */ = {isa = PBXBuildFile; fileRef = B6C966991C1484DB00908EEA /* LxDataBaseManager.m */; };
		B6C9669D1C1484ED00908EEA /* LxAccountManager.m in Sources */ = {isa = PBXBuildFile; fileRef = B6C9669C1C1484ED00908EEA /* LxAccountManager.m */; };
		B6C966A01C14858400908EEA /* LxSettingManager.m in Sources */ = {isa = PBXBuildFile; fileRef = B6C9669F1C14858400908EEA /* LxSettingManager.m */; };
		B6C966A41C14882600908EEA /* LxBaseView.m in Sources */ = {isa = PBXBuildFile; fileRef = B6C966A31C14882600908EEA /* LxBaseView.m */; };
		B6C966A71C14883700908EEA /* LxBaseLabel.m in Sources */ = {isa = PBXBuildFile; fileRef = B6C966A61C14883700908EEA /* LxBaseLabel.m */; };
		B6C966AA1C14885500908EEA /* LxBaseImageView.m in Sources */ = {isa = PBXBuildFile; fileRef = B6C966A91C14885500908EEA /* LxBaseImageView.m */; };
		B6C966AD1C14886D00908EEA /* LxBaseButton.m in Sources */ = {isa = PBXBuildFile; fileRef = B6C966AC1C14886D00908EEA /* LxBaseButton.m */; };
		B6C966B01C1488A400908EEA /* LxBaseScrollView.m in Sources */ = {isa = PBXBuildFile; fileRef = B6C966AF1C1488A400908EEA /* LxBaseScrollView.m */; };
		B6C966B31C1488BF00908EEA /* LxBaseTableView.m in Sources */ = {isa = PBXBuildFile; fileRef = B6C966B21C1488BF00908EEA /* LxBaseTableView.m */; };
		B6C966B61C1488E300908EEA /* LxBaseCollectionVIew.m in Sources */ = {isa = PBXBuildFile; fileRef = B6C966B51C1488E300908EEA /* LxBaseCollectionVIew.m */; };
		B6C966B91C1488FA00908EEA /* LxBaseCollectionViewCell.m in Sources */ = {isa = PBXBuildFile; fileRef = B6C966B81C1488FA00908EEA /* LxBaseCollectionViewCell.m */; };
		B6C966BC1C14891200908EEA /* LxBaseTableViewCell.m in Sources */ = {isa = PBXBuildFile; fileRef = B6C966BB1C14891200908EEA /* LxBaseTableViewCell.m */; };
		B6C966BF1C14893100908EEA /* LxBaseTextView.m in Sources */ = {isa = PBXBuildFile; fileRef = B6C966BE1C14893100908EEA /* LxBaseTextView.m */; };
		B6C966C61C1492A400908EEA /* LxPushManager.m in Sources */ = {isa = PBXBuildFile; fileRef = B6C966C51C1492A400908EEA /* LxPushManager.m */; };
		B6C966C91C1492BD00908EEA /* LxShareManager.m in Sources */ = {isa = PBXBuildFile; fileRef = B6C966C81C1492BD00908EEA /* LxShareManager.m */; };
		BF6260031C1538340017615C /* LxUser.m in Sources */ = {isa = PBXBuildFile; fileRef = BF6260021C1538340017615C /* LxUser.m */; };
		BF6260041C1538340017615C /* LxUser.m in Sources */ = {isa = PBXBuildFile; fileRef = BF6260021C1538340017615C /* LxUser.m */; };
		BF6260051C1538340017615C /* LxUser.m in Sources */ = {isa = PBXBuildFile; fileRef = BF6260021C1538340017615C /* LxUser.m */; };
		BF6260091C155C7E0017615C /* LxMacros.m in Sources */ = {isa = PBXBuildFile; fileRef = BF6260081C155C7E0017615C /* LxMacros.m */; };
		BF9F04561C159C43004B4FCD /* LxBaseViewController.m in Sources */ = {isa = PBXBuildFile; fileRef = BF9F04551C159C43004B4FCD /* LxBaseViewController.m */; };
		BF9F04591C159C6A004B4FCD /* LxBaseTableViewController.m in Sources */ = {isa = PBXBuildFile; fileRef = BF9F04581C159C6A004B4FCD /* LxBaseTableViewController.m */; };
		BF9F045C1C159C8C004B4FCD /* LxLoginViewController.m in Sources */ = {isa = PBXBuildFile; fileRef = BF9F045B1C159C8C004B4FCD /* LxLoginViewController.m */; };
		BF9F045F1C159CAC004B4FCD /* LxRegisterViewController.m in Sources */ = {isa = PBXBuildFile; fileRef = BF9F045E1C159CAC004B4FCD /* LxRegisterViewController.m */; };
		BF9F04601C159CAC004B4FCD /* LxRegisterViewController.m in Sources */ = {isa = PBXBuildFile; fileRef = BF9F045E1C159CAC004B4FCD /* LxRegisterViewController.m */; };
		BF9F04611C159CAC004B4FCD /* LxRegisterViewController.m in Sources */ = {isa = PBXBuildFile; fileRef = BF9F045E1C159CAC004B4FCD /* LxRegisterViewController.m */; };
/* End PBXBuildFile section */

/* Begin PBXContainerItemProxy section */
		B6C35FCE1C14563500AEB514 /* PBXContainerItemProxy */ = {
			isa = PBXContainerItemProxy;
			containerPortal = B6C35FA91C14563500AEB514 /* Project object */;
			proxyType = 1;
			remoteGlobalIDString = B6C35FB01C14563500AEB514;
			remoteInfo = LxProjectTemplateDemo;
		};
		B6C35FD91C14563500AEB514 /* PBXContainerItemProxy */ = {
			isa = PBXContainerItemProxy;
			containerPortal = B6C35FA91C14563500AEB514 /* Project object */;
			proxyType = 1;
			remoteGlobalIDString = B6C35FB01C14563500AEB514;
			remoteInfo = LxProjectTemplateDemo;
		};
/* End PBXContainerItemProxy section */

/* Begin PBXFileReference section */
		0193CC4E338D04AE2E0D9C4B /* Pods-LxProjectTemplateDemo.release.xcconfig */ = {isa = PBXFileReference; includeInIndex = 1; lastKnownFileType = text.xcconfig; name = "Pods-LxProjectTemplateDemo.release.xcconfig"; path = "Pods/Target Support Files/Pods-LxProjectTemplateDemo/Pods-LxProjectTemplateDemo.release.xcconfig"; sourceTree = "<group>"; };
		5A5D78069E6E1ACB563C884B /* Pods-LxProjectTemplateDemo.debug.xcconfig */ = {isa = PBXFileReference; includeInIndex = 1; lastKnownFileType = text.xcconfig; name = "Pods-LxProjectTemplateDemo.debug.xcconfig"; path = "Pods/Target Support Files/Pods-LxProjectTemplateDemo/Pods-LxProjectTemplateDemo.debug.xcconfig"; sourceTree = "<group>"; };
		AB265076815BAAFF182F2951 /* Pods_LxProjectTemplateDemo.framework */ = {isa = PBXFileReference; explicitFileType = wrapper.framework; includeInIndex = 0; path = Pods_LxProjectTemplateDemo.framework; sourceTree = BUILT_PRODUCTS_DIR; };
		B61462351C192A50000C571B /* NSObject+LxTools.h */ = {isa = PBXFileReference; fileEncoding = 4; lastKnownFileType = sourcecode.c.h; path = "NSObject+LxTools.h"; sourceTree = "<group>"; };
		B61462361C192A50000C571B /* NSObject+LxTools.m */ = {isa = PBXFileReference; fileEncoding = 4; lastKnownFileType = sourcecode.c.objc; path = "NSObject+LxTools.m"; sourceTree = "<group>"; };
		B61462381C1945C8000C571B /* DeveloperLxTools.h */ = {isa = PBXFileReference; fileEncoding = 4; lastKnownFileType = sourcecode.c.h; path = DeveloperLxTools.h; sourceTree = "<group>"; };
		B614623C1C194E18000C571B /* NSArray+LxTools.h */ = {isa = PBXFileReference; fileEncoding = 4; lastKnownFileType = sourcecode.c.h; path = "NSArray+LxTools.h"; sourceTree = "<group>"; };
		B614623D1C194E18000C571B /* NSArray+LxTools.m */ = {isa = PBXFileReference; fileEncoding = 4; lastKnownFileType = sourcecode.c.objc; path = "NSArray+LxTools.m"; sourceTree = "<group>"; };
		B614623F1C195920000C571B /* NSString+LxTools.h */ = {isa = PBXFileReference; fileEncoding = 4; lastKnownFileType = sourcecode.c.h; path = "NSString+LxTools.h"; sourceTree = "<group>"; };
		B61462401C195920000C571B /* NSString+LxTools.m */ = {isa = PBXFileReference; fileEncoding = 4; lastKnownFileType = sourcecode.c.objc; path = "NSString+LxTools.m"; sourceTree = "<group>"; };
		B61462421C19597A000C571B /* NSMutableArray+LxTools.h */ = {isa = PBXFileReference; fileEncoding = 4; lastKnownFileType = sourcecode.c.h; path = "NSMutableArray+LxTools.h"; sourceTree = "<group>"; };
		B61462431C19597A000C571B /* NSMutableArray+LxTools.m */ = {isa = PBXFileReference; fileEncoding = 4; lastKnownFileType = sourcecode.c.objc; path = "NSMutableArray+LxTools.m"; sourceTree = "<group>"; };
		B61462451C195B37000C571B /* NSDictionary+LxTools.h */ = {isa = PBXFileReference; fileEncoding = 4; lastKnownFileType = sourcecode.c.h; path = "NSDictionary+LxTools.h"; sourceTree = "<group>"; };
		B61462461C195B37000C571B /* NSDictionary+LxTools.m */ = {isa = PBXFileReference; fileEncoding = 4; lastKnownFileType = sourcecode.c.objc; path = "NSDictionary+LxTools.m"; sourceTree = "<group>"; };
		B61462481C195D0A000C571B /* NSData+LxTools.h */ = {isa = PBXFileReference; fileEncoding = 4; lastKnownFileType = sourcecode.c.h; path = "NSData+LxTools.h"; sourceTree = "<group>"; };
		B61462491C195D0A000C571B /* NSData+LxTools.m */ = {isa = PBXFileReference; fileEncoding = 4; lastKnownFileType = sourcecode.c.objc; path = "NSData+LxTools.m"; sourceTree = "<group>"; };
		B614624B1C195DFD000C571B /* NSDate+LxTools.h */ = {isa = PBXFileReference; fileEncoding = 4; lastKnownFileType = sourcecode.c.h; path = "NSDate+LxTools.h"; sourceTree = "<group>"; };
		B614624C1C195DFD000C571B /* NSDate+LxTools.m */ = {isa = PBXFileReference; fileEncoding = 4; lastKnownFileType = sourcecode.c.objc; path = "NSDate+LxTools.m"; sourceTree = "<group>"; };
		B61462501C196A2D000C571B /* UIColor+LxTools.h */ = {isa = PBXFileReference; fileEncoding = 4; lastKnownFileType = sourcecode.c.h; path = "UIColor+LxTools.h"; sourceTree = "<group>"; };
		B61462511C196A2D000C571B /* UIColor+LxTools.m */ = {isa = PBXFileReference; fileEncoding = 4; lastKnownFileType = sourcecode.c.objc; path = "UIColor+LxTools.m"; sourceTree = "<group>"; };
		B61462531C196B35000C571B /* UIImage+LxTools.h */ = {isa = PBXFileReference; fileEncoding = 4; lastKnownFileType = sourcecode.c.h; path = "UIImage+LxTools.h"; sourceTree = "<group>"; };
		B61462541C196B35000C571B /* UIImage+LxTools.m */ = {isa = PBXFileReference; fileEncoding = 4; lastKnownFileType = sourcecode.c.objc; path = "UIImage+LxTools.m"; sourceTree = "<group>"; };
		B61462561C196B8F000C571B /* UIView+LxTools.h */ = {isa = PBXFileReference; fileEncoding = 4; lastKnownFileType = sourcecode.c.h; path = "UIView+LxTools.h"; sourceTree = "<group>"; };
		B61462571C196B8F000C571B /* UIView+LxTools.m */ = {isa = PBXFileReference; fileEncoding = 4; lastKnownFileType = sourcecode.c.objc; path = "UIView+LxTools.m"; sourceTree = "<group>"; };
		B61462591C196BA8000C571B /* UIScrollView+LxTools.h */ = {isa = PBXFileReference; fileEncoding = 4; lastKnownFileType = sourcecode.c.h; path = "UIScrollView+LxTools.h"; sourceTree = "<group>"; };
		B614625A1C196BA8000C571B /* UIScrollView+LxTools.m */ = {isa = PBXFileReference; fileEncoding = 4; lastKnownFileType = sourcecode.c.objc; path = "UIScrollView+LxTools.m"; sourceTree = "<group>"; };
		B614625C1C196BC9000C571B /* UITableView+LxTools.h */ = {isa = PBXFileReference; fileEncoding = 4; lastKnownFileType = sourcecode.c.h; path = "UITableView+LxTools.h"; sourceTree = "<group>"; };
		B614625D1C196BC9000C571B /* UITableView+LxTools.m */ = {isa = PBXFileReference; fileEncoding = 4; lastKnownFileType = sourcecode.c.objc; path = "UITableView+LxTools.m"; sourceTree = "<group>"; };
		B614625F1C196BDF000C571B /* UICollectionView+LxTools.h */ = {isa = PBXFileReference; fileEncoding = 4; lastKnownFileType = sourcecode.c.h; path = "UICollectionView+LxTools.h"; sourceTree = "<group>"; };
		B61462601C196BDF000C571B /* UICollectionView+LxTools.m */ = {isa = PBXFileReference; fileEncoding = 4; lastKnownFileType = sourcecode.c.objc; path = "UICollectionView+LxTools.m"; sourceTree = "<group>"; };
		B61462621C196C43000C571B /* UICollectionViewCell+LxTools.h */ = {isa = PBXFileReference; fileEncoding = 4; lastKnownFileType = sourcecode.c.h; path = "UICollectionViewCell+LxTools.h"; sourceTree = "<group>"; };
		B61462631C196C43000C571B /* UICollectionViewCell+LxTools.m */ = {isa = PBXFileReference; fileEncoding = 4; lastKnownFileType = sourcecode.c.objc; path = "UICollectionViewCell+LxTools.m"; sourceTree = "<group>"; };
		B61462651C196C56000C571B /* UITableViewCell+LxTools.h */ = {isa = PBXFileReference; fileEncoding = 4; lastKnownFileType = sourcecode.c.h; path = "UITableViewCell+LxTools.h"; sourceTree = "<group>"; };
		B61462661C196C56000C571B /* UITableViewCell+LxTools.m */ = {isa = PBXFileReference; fileEncoding = 4; lastKnownFileType = sourcecode.c.objc; path = "UITableViewCell+LxTools.m"; sourceTree = "<group>"; };
		B61462681C196C79000C571B /* UIScreen+LxTools.h */ = {isa = PBXFileReference; fileEncoding = 4; lastKnownFileType = sourcecode.c.h; path = "UIScreen+LxTools.h"; sourceTree = "<group>"; };
		B61462691C196C79000C571B /* UIScreen+LxTools.m */ = {isa = PBXFileReference; fileEncoding = 4; lastKnownFileType = sourcecode.c.objc; path = "UIScreen+LxTools.m"; sourceTree = "<group>"; };
		B614626B1C196C8E000C571B /* UIDevice+LxTools.h */ = {isa = PBXFileReference; fileEncoding = 4; lastKnownFileType = sourcecode.c.h; path = "UIDevice+LxTools.h"; sourceTree = "<group>"; };
		B614626C1C196C8E000C571B /* UIDevice+LxTools.m */ = {isa = PBXFileReference; fileEncoding = 4; lastKnownFileType = sourcecode.c.objc; path = "UIDevice+LxTools.m"; sourceTree = "<group>"; };
		B614626E1C196CD5000C571B /* UILabel+LxTools.h */ = {isa = PBXFileReference; fileEncoding = 4; lastKnownFileType = sourcecode.c.h; path = "UILabel+LxTools.h"; sourceTree = "<group>"; };
		B614626F1C196CD5000C571B /* UILabel+LxTools.m */ = {isa = PBXFileReference; fileEncoding = 4; lastKnownFileType = sourcecode.c.objc; path = "UILabel+LxTools.m"; sourceTree = "<group>"; };
		B61462711C196CE9000C571B /* UITextField+LxTools.h */ = {isa = PBXFileReference; fileEncoding = 4; lastKnownFileType = sourcecode.c.h; path = "UITextField+LxTools.h"; sourceTree = "<group>"; };
		B61462721C196CE9000C571B /* UITextField+LxTools.m */ = {isa = PBXFileReference; fileEncoding = 4; lastKnownFileType = sourcecode.c.objc; path = "UITextField+LxTools.m"; sourceTree = "<group>"; };
		B61462741C196CFF000C571B /* UITextView+LxTools.h */ = {isa = PBXFileReference; fileEncoding = 4; lastKnownFileType = sourcecode.c.h; path = "UITextView+LxTools.h"; sourceTree = "<group>"; };
		B61462751C196CFF000C571B /* UITextView+LxTools.m */ = {isa = PBXFileReference; fileEncoding = 4; lastKnownFileType = sourcecode.c.objc; path = "UITextView+LxTools.m"; sourceTree = "<group>"; };
		B61462771C1973A8000C571B /* UIWebView+LxTools.h */ = {isa = PBXFileReference; fileEncoding = 4; lastKnownFileType = sourcecode.c.h; path = "UIWebView+LxTools.h"; sourceTree = "<group>"; };
		B61462781C1973A8000C571B /* UIWebView+LxTools.m */ = {isa = PBXFileReference; fileEncoding = 4; lastKnownFileType = sourcecode.c.objc; path = "UIWebView+LxTools.m"; sourceTree = "<group>"; };
		B6C35FB11C14563500AEB514 /* LxProjectTemplateDemo.app */ = {isa = PBXFileReference; explicitFileType = wrapper.application; includeInIndex = 0; path = LxProjectTemplateDemo.app; sourceTree = BUILT_PRODUCTS_DIR; };
		B6C35FB51C14563500AEB514 /* main.m */ = {isa = PBXFileReference; lastKnownFileType = sourcecode.c.objc; path = main.m; sourceTree = "<group>"; };
		B6C35FB71C14563500AEB514 /* AppDelegate.h */ = {isa = PBXFileReference; lastKnownFileType = sourcecode.c.h; path = AppDelegate.h; sourceTree = "<group>"; };
		B6C35FB81C14563500AEB514 /* AppDelegate.m */ = {isa = PBXFileReference; lastKnownFileType = sourcecode.c.objc; path = AppDelegate.m; sourceTree = "<group>"; };
		B6C35FBA1C14563500AEB514 /* ViewController.h */ = {isa = PBXFileReference; lastKnownFileType = sourcecode.c.h; path = ViewController.h; sourceTree = "<group>"; };
		B6C35FBB1C14563500AEB514 /* ViewController.m */ = {isa = PBXFileReference; lastKnownFileType = sourcecode.c.objc; path = ViewController.m; sourceTree = "<group>"; };
		B6C35FBE1C14563500AEB514 /* Base */ = {isa = PBXFileReference; lastKnownFileType = file.storyboard; name = Base; path = Base.lproj/Main.storyboard; sourceTree = "<group>"; };
		B6C35FC11C14563500AEB514 /* LxProjectTemplateDemo.xcdatamodel */ = {isa = PBXFileReference; lastKnownFileType = wrapper.xcdatamodel; path = LxProjectTemplateDemo.xcdatamodel; sourceTree = "<group>"; };
		B6C35FC31C14563500AEB514 /* Assets.xcassets */ = {isa = PBXFileReference; lastKnownFileType = folder.assetcatalog; path = Assets.xcassets; sourceTree = "<group>"; };
		B6C35FC61C14563500AEB514 /* Base */ = {isa = PBXFileReference; lastKnownFileType = file.storyboard; name = Base; path = Base.lproj/LaunchScreen.storyboard; sourceTree = "<group>"; };
		B6C35FC81C14563500AEB514 /* Info.plist */ = {isa = PBXFileReference; lastKnownFileType = text.plist.xml; path = Info.plist; sourceTree = "<group>"; };
		B6C35FCD1C14563500AEB514 /* LxProjectTemplateDemoTests.xctest */ = {isa = PBXFileReference; explicitFileType = wrapper.cfbundle; includeInIndex = 0; path = LxProjectTemplateDemoTests.xctest; sourceTree = BUILT_PRODUCTS_DIR; };
		B6C35FD11C14563500AEB514 /* LxProjectTemplateDemoTests.m */ = {isa = PBXFileReference; lastKnownFileType = sourcecode.c.objc; path = LxProjectTemplateDemoTests.m; sourceTree = "<group>"; };
		B6C35FD31C14563500AEB514 /* Info.plist */ = {isa = PBXFileReference; lastKnownFileType = text.plist.xml; path = Info.plist; sourceTree = "<group>"; };
		B6C35FD81C14563500AEB514 /* LxProjectTemplateDemoUITests.xctest */ = {isa = PBXFileReference; explicitFileType = wrapper.cfbundle; includeInIndex = 0; path = LxProjectTemplateDemoUITests.xctest; sourceTree = BUILT_PRODUCTS_DIR; };
		B6C35FDC1C14563500AEB514 /* LxProjectTemplateDemoUITests.m */ = {isa = PBXFileReference; lastKnownFileType = sourcecode.c.objc; path = LxProjectTemplateDemoUITests.m; sourceTree = "<group>"; };
		B6C35FDE1C14563500AEB514 /* Info.plist */ = {isa = PBXFileReference; lastKnownFileType = text.plist.xml; path = Info.plist; sourceTree = "<group>"; };
		B6C35FEA1C146C8700AEB514 /* LxProjectTemplateDemo.pch */ = {isa = PBXFileReference; fileEncoding = 4; lastKnownFileType = sourcecode.c.h; path = LxProjectTemplateDemo.pch; sourceTree = "<group>"; };
		B6C35FEB1C146D5E00AEB514 /* ProjectImported.h */ = {isa = PBXFileReference; fileEncoding = 4; lastKnownFileType = sourcecode.c.h; path = ProjectImported.h; sourceTree = "<group>"; };
		B6C966941C1484AE00908EEA /* LxNetwotkManager.h */ = {isa = PBXFileReference; fileEncoding = 4; lastKnownFileType = sourcecode.c.h; path = LxNetwotkManager.h; sourceTree = "<group>"; };
		B6C966951C1484AE00908EEA /* LxNetwotkManager.m */ = {isa = PBXFileReference; fileEncoding = 4; lastKnownFileType = sourcecode.c.objc; path = LxNetwotkManager.m; sourceTree = "<group>"; };
		B6C966981C1484DB00908EEA /* LxDataBaseManager.h */ = {isa = PBXFileReference; fileEncoding = 4; lastKnownFileType = sourcecode.c.h; path = LxDataBaseManager.h; sourceTree = "<group>"; };
		B6C966991C1484DB00908EEA /* LxDataBaseManager.m */ = {isa = PBXFileReference; fileEncoding = 4; lastKnownFileType = sourcecode.c.objc; path = LxDataBaseManager.m; sourceTree = "<group>"; };
		B6C9669B1C1484ED00908EEA /* LxAccountManager.h */ = {isa = PBXFileReference; fileEncoding = 4; lastKnownFileType = sourcecode.c.h; path = LxAccountManager.h; sourceTree = "<group>"; };
		B6C9669C1C1484ED00908EEA /* LxAccountManager.m */ = {isa = PBXFileReference; fileEncoding = 4; lastKnownFileType = sourcecode.c.objc; path = LxAccountManager.m; sourceTree = "<group>"; };
		B6C9669E1C14858400908EEA /* LxSettingManager.h */ = {isa = PBXFileReference; fileEncoding = 4; lastKnownFileType = sourcecode.c.h; path = LxSettingManager.h; sourceTree = "<group>"; };
		B6C9669F1C14858400908EEA /* LxSettingManager.m */ = {isa = PBXFileReference; fileEncoding = 4; lastKnownFileType = sourcecode.c.objc; path = LxSettingManager.m; sourceTree = "<group>"; };
		B6C966A21C14882600908EEA /* LxBaseView.h */ = {isa = PBXFileReference; fileEncoding = 4; lastKnownFileType = sourcecode.c.h; path = LxBaseView.h; sourceTree = "<group>"; };
		B6C966A31C14882600908EEA /* LxBaseView.m */ = {isa = PBXFileReference; fileEncoding = 4; lastKnownFileType = sourcecode.c.objc; path = LxBaseView.m; sourceTree = "<group>"; };
		B6C966A51C14883700908EEA /* LxBaseLabel.h */ = {isa = PBXFileReference; fileEncoding = 4; lastKnownFileType = sourcecode.c.h; path = LxBaseLabel.h; sourceTree = "<group>"; };
		B6C966A61C14883700908EEA /* LxBaseLabel.m */ = {isa = PBXFileReference; fileEncoding = 4; lastKnownFileType = sourcecode.c.objc; path = LxBaseLabel.m; sourceTree = "<group>"; };
		B6C966A81C14885500908EEA /* LxBaseImageView.h */ = {isa = PBXFileReference; fileEncoding = 4; lastKnownFileType = sourcecode.c.h; path = LxBaseImageView.h; sourceTree = "<group>"; };
		B6C966A91C14885500908EEA /* LxBaseImageView.m */ = {isa = PBXFileReference; fileEncoding = 4; lastKnownFileType = sourcecode.c.objc; path = LxBaseImageView.m; sourceTree = "<group>"; };
		B6C966AB1C14886D00908EEA /* LxBaseButton.h */ = {isa = PBXFileReference; fileEncoding = 4; lastKnownFileType = sourcecode.c.h; path = LxBaseButton.h; sourceTree = "<group>"; };
		B6C966AC1C14886D00908EEA /* LxBaseButton.m */ = {isa = PBXFileReference; fileEncoding = 4; lastKnownFileType = sourcecode.c.objc; path = LxBaseButton.m; sourceTree = "<group>"; };
		B6C966AE1C1488A400908EEA /* LxBaseScrollView.h */ = {isa = PBXFileReference; fileEncoding = 4; lastKnownFileType = sourcecode.c.h; path = LxBaseScrollView.h; sourceTree = "<group>"; };
		B6C966AF1C1488A400908EEA /* LxBaseScrollView.m */ = {isa = PBXFileReference; fileEncoding = 4; lastKnownFileType = sourcecode.c.objc; path = LxBaseScrollView.m; sourceTree = "<group>"; };
		B6C966B11C1488BF00908EEA /* LxBaseTableView.h */ = {isa = PBXFileReference; fileEncoding = 4; lastKnownFileType = sourcecode.c.h; path = LxBaseTableView.h; sourceTree = "<group>"; };
		B6C966B21C1488BF00908EEA /* LxBaseTableView.m */ = {isa = PBXFileReference; fileEncoding = 4; lastKnownFileType = sourcecode.c.objc; path = LxBaseTableView.m; sourceTree = "<group>"; };
		B6C966B41C1488E300908EEA /* LxBaseCollectionVIew.h */ = {isa = PBXFileReference; fileEncoding = 4; lastKnownFileType = sourcecode.c.h; path = LxBaseCollectionVIew.h; sourceTree = "<group>"; };
		B6C966B51C1488E300908EEA /* LxBaseCollectionVIew.m */ = {isa = PBXFileReference; fileEncoding = 4; lastKnownFileType = sourcecode.c.objc; path = LxBaseCollectionVIew.m; sourceTree = "<group>"; };
		B6C966B71C1488FA00908EEA /* LxBaseCollectionViewCell.h */ = {isa = PBXFileReference; fileEncoding = 4; lastKnownFileType = sourcecode.c.h; path = LxBaseCollectionViewCell.h; sourceTree = "<group>"; };
		B6C966B81C1488FA00908EEA /* LxBaseCollectionViewCell.m */ = {isa = PBXFileReference; fileEncoding = 4; lastKnownFileType = sourcecode.c.objc; path = LxBaseCollectionViewCell.m; sourceTree = "<group>"; };
		B6C966BA1C14891200908EEA /* LxBaseTableViewCell.h */ = {isa = PBXFileReference; fileEncoding = 4; lastKnownFileType = sourcecode.c.h; path = LxBaseTableViewCell.h; sourceTree = "<group>"; };
		B6C966BB1C14891200908EEA /* LxBaseTableViewCell.m */ = {isa = PBXFileReference; fileEncoding = 4; lastKnownFileType = sourcecode.c.objc; path = LxBaseTableViewCell.m; sourceTree = "<group>"; };
		B6C966BD1C14893100908EEA /* LxBaseTextView.h */ = {isa = PBXFileReference; fileEncoding = 4; lastKnownFileType = sourcecode.c.h; path = LxBaseTextView.h; sourceTree = "<group>"; };
		B6C966BE1C14893100908EEA /* LxBaseTextView.m */ = {isa = PBXFileReference; fileEncoding = 4; lastKnownFileType = sourcecode.c.objc; path = LxBaseTextView.m; sourceTree = "<group>"; };
		B6C966C41C1492A400908EEA /* LxPushManager.h */ = {isa = PBXFileReference; fileEncoding = 4; lastKnownFileType = sourcecode.c.h; path = LxPushManager.h; sourceTree = "<group>"; };
		B6C966C51C1492A400908EEA /* LxPushManager.m */ = {isa = PBXFileReference; fileEncoding = 4; lastKnownFileType = sourcecode.c.objc; path = LxPushManager.m; sourceTree = "<group>"; };
		B6C966C71C1492BD00908EEA /* LxShareManager.h */ = {isa = PBXFileReference; fileEncoding = 4; lastKnownFileType = sourcecode.c.h; path = LxShareManager.h; sourceTree = "<group>"; };
		B6C966C81C1492BD00908EEA /* LxShareManager.m */ = {isa = PBXFileReference; fileEncoding = 4; lastKnownFileType = sourcecode.c.objc; path = LxShareManager.m; sourceTree = "<group>"; };
		BF6260011C1538340017615C /* LxUser.h */ = {isa = PBXFileReference; fileEncoding = 4; lastKnownFileType = sourcecode.c.h; path = LxUser.h; sourceTree = "<group>"; };
		BF6260021C1538340017615C /* LxUser.m */ = {isa = PBXFileReference; fileEncoding = 4; lastKnownFileType = sourcecode.c.objc; path = LxUser.m; sourceTree = "<group>"; };
		BF6260061C1558030017615C /* ProjectConstants.h */ = {isa = PBXFileReference; lastKnownFileType = sourcecode.c.h; path = ProjectConstants.h; sourceTree = "<group>"; };
		BF6260071C155C7E0017615C /* LxMacros.h */ = {isa = PBXFileReference; fileEncoding = 4; lastKnownFileType = sourcecode.c.h; path = LxMacros.h; sourceTree = "<group>"; };
		BF6260081C155C7E0017615C /* LxMacros.m */ = {isa = PBXFileReference; fileEncoding = 4; lastKnownFileType = sourcecode.c.objc; path = LxMacros.m; sourceTree = "<group>"; };
		BF9F04541C159C43004B4FCD /* LxBaseViewController.h */ = {isa = PBXFileReference; fileEncoding = 4; lastKnownFileType = sourcecode.c.h; path = LxBaseViewController.h; sourceTree = "<group>"; };
		BF9F04551C159C43004B4FCD /* LxBaseViewController.m */ = {isa = PBXFileReference; fileEncoding = 4; lastKnownFileType = sourcecode.c.objc; path = LxBaseViewController.m; sourceTree = "<group>"; };
		BF9F04571C159C6A004B4FCD /* LxBaseTableViewController.h */ = {isa = PBXFileReference; fileEncoding = 4; lastKnownFileType = sourcecode.c.h; path = LxBaseTableViewController.h; sourceTree = "<group>"; };
		BF9F04581C159C6A004B4FCD /* LxBaseTableViewController.m */ = {isa = PBXFileReference; fileEncoding = 4; lastKnownFileType = sourcecode.c.objc; path = LxBaseTableViewController.m; sourceTree = "<group>"; };
		BF9F045A1C159C8C004B4FCD /* LxLoginViewController.h */ = {isa = PBXFileReference; fileEncoding = 4; lastKnownFileType = sourcecode.c.h; path = LxLoginViewController.h; sourceTree = "<group>"; };
		BF9F045B1C159C8C004B4FCD /* LxLoginViewController.m */ = {isa = PBXFileReference; fileEncoding = 4; lastKnownFileType = sourcecode.c.objc; path = LxLoginViewController.m; sourceTree = "<group>"; };
		BF9F045D1C159CAC004B4FCD /* LxRegisterViewController.h */ = {isa = PBXFileReference; fileEncoding = 4; lastKnownFileType = sourcecode.c.h; path = LxRegisterViewController.h; sourceTree = "<group>"; };
		BF9F045E1C159CAC004B4FCD /* LxRegisterViewController.m */ = {isa = PBXFileReference; fileEncoding = 4; lastKnownFileType = sourcecode.c.objc; path = LxRegisterViewController.m; sourceTree = "<group>"; };
		BF9F04621C159D02004B4FCD /* PromptString.h */ = {isa = PBXFileReference; lastKnownFileType = sourcecode.c.h; path = PromptString.h; sourceTree = "<group>"; };
/* End PBXFileReference section */

/* Begin PBXFrameworksBuildPhase section */
		B6C35FAE1C14563500AEB514 /* Frameworks */ = {
			isa = PBXFrameworksBuildPhase;
			buildActionMask = 2147483647;
			files = (
				744299BA9678E17C36176703 /* Pods_LxProjectTemplateDemo.framework in Frameworks */,
			);
			runOnlyForDeploymentPostprocessing = 0;
		};
		B6C35FCA1C14563500AEB514 /* Frameworks */ = {
			isa = PBXFrameworksBuildPhase;
			buildActionMask = 2147483647;
			files = (
			);
			runOnlyForDeploymentPostprocessing = 0;
		};
		B6C35FD51C14563500AEB514 /* Frameworks */ = {
			isa = PBXFrameworksBuildPhase;
			buildActionMask = 2147483647;
			files = (
			);
			runOnlyForDeploymentPostprocessing = 0;
		};
/* End PBXFrameworksBuildPhase section */

/* Begin PBXGroup section */
		53B052BB1FAF3BF54BA1E3B0 /* Pods */ = {
			isa = PBXGroup;
			children = (
				5A5D78069E6E1ACB563C884B /* Pods-LxProjectTemplateDemo.debug.xcconfig */,
				0193CC4E338D04AE2E0D9C4B /* Pods-LxProjectTemplateDemo.release.xcconfig */,
			);
			name = Pods;
			sourceTree = "<group>";
		};
		7E2A402DB8BD4A62BCF14953 /* Frameworks */ = {
			isa = PBXGroup;
			children = (
				AB265076815BAAFF182F2951 /* Pods_LxProjectTemplateDemo.framework */,
			);
			name = Frameworks;
			sourceTree = "<group>";
		};
		B614624E1C19663B000C571B /* Foundation */ = {
			isa = PBXGroup;
			children = (
				B614623C1C194E18000C571B /* NSArray+LxTools.h */,
				B614623D1C194E18000C571B /* NSArray+LxTools.m */,
				B61462481C195D0A000C571B /* NSData+LxTools.h */,
				B61462491C195D0A000C571B /* NSData+LxTools.m */,
				B614624B1C195DFD000C571B /* NSDate+LxTools.h */,
				B614624C1C195DFD000C571B /* NSDate+LxTools.m */,
				B61462451C195B37000C571B /* NSDictionary+LxTools.h */,
				B61462461C195B37000C571B /* NSDictionary+LxTools.m */,
				B61462421C19597A000C571B /* NSMutableArray+LxTools.h */,
				B61462431C19597A000C571B /* NSMutableArray+LxTools.m */,
				B61462351C192A50000C571B /* NSObject+LxTools.h */,
				B61462361C192A50000C571B /* NSObject+LxTools.m */,
				B614623F1C195920000C571B /* NSString+LxTools.h */,
				B61462401C195920000C571B /* NSString+LxTools.m */,
			);
			name = Foundation;
			sourceTree = "<group>";
		};
		B614624F1C19684E000C571B /* UIKit */ = {
			isa = PBXGroup;
			children = (
				B61462501C196A2D000C571B /* UIColor+LxTools.h */,
				B61462511C196A2D000C571B /* UIColor+LxTools.m */,
				B61462531C196B35000C571B /* UIImage+LxTools.h */,
				B61462541C196B35000C571B /* UIImage+LxTools.m */,
				B61462561C196B8F000C571B /* UIView+LxTools.h */,
				B61462571C196B8F000C571B /* UIView+LxTools.m */,
				B614626E1C196CD5000C571B /* UILabel+LxTools.h */,
				B614626F1C196CD5000C571B /* UILabel+LxTools.m */,
				B61462711C196CE9000C571B /* UITextField+LxTools.h */,
				B61462721C196CE9000C571B /* UITextField+LxTools.m */,
				B61462741C196CFF000C571B /* UITextView+LxTools.h */,
				B61462751C196CFF000C571B /* UITextView+LxTools.m */,
				B61462771C1973A8000C571B /* UIWebView+LxTools.h */,
				B61462781C1973A8000C571B /* UIWebView+LxTools.m */,
				B61462591C196BA8000C571B /* UIScrollView+LxTools.h */,
				B614625A1C196BA8000C571B /* UIScrollView+LxTools.m */,
				B614625C1C196BC9000C571B /* UITableView+LxTools.h */,
				B614625D1C196BC9000C571B /* UITableView+LxTools.m */,
				B61462651C196C56000C571B /* UITableViewCell+LxTools.h */,
				B61462661C196C56000C571B /* UITableViewCell+LxTools.m */,
				B614625F1C196BDF000C571B /* UICollectionView+LxTools.h */,
				B61462601C196BDF000C571B /* UICollectionView+LxTools.m */,
				B61462621C196C43000C571B /* UICollectionViewCell+LxTools.h */,
				B61462631C196C43000C571B /* UICollectionViewCell+LxTools.m */,
				B61462681C196C79000C571B /* UIScreen+LxTools.h */,
				B61462691C196C79000C571B /* UIScreen+LxTools.m */,
				B614626B1C196C8E000C571B /* UIDevice+LxTools.h */,
				B614626C1C196C8E000C571B /* UIDevice+LxTools.m */,
			);
			name = UIKit;
			sourceTree = "<group>";
		};
		B6C35FA81C14563500AEB514 = {
			isa = PBXGroup;
			children = (
				B6C35FB31C14563500AEB514 /* LxProjectTemplateDemo */,
				B6C35FD01C14563500AEB514 /* LxProjectTemplateDemoTests */,
				B6C35FDB1C14563500AEB514 /* LxProjectTemplateDemoUITests */,
				B6C35FB21C14563500AEB514 /* Products */,
				53B052BB1FAF3BF54BA1E3B0 /* Pods */,
				7E2A402DB8BD4A62BCF14953 /* Frameworks */,
			);
			sourceTree = "<group>";
		};
		B6C35FB21C14563500AEB514 /* Products */ = {
			isa = PBXGroup;
			children = (
				B6C35FB11C14563500AEB514 /* LxProjectTemplateDemo.app */,
				B6C35FCD1C14563500AEB514 /* LxProjectTemplateDemoTests.xctest */,
				B6C35FD81C14563500AEB514 /* LxProjectTemplateDemoUITests.xctest */,
			);
			name = Products;
			sourceTree = "<group>";
		};
		B6C35FB31C14563500AEB514 /* LxProjectTemplateDemo */ = {
			isa = PBXGroup;
			children = (
				B6C966C21C148B5A00908EEA /* Utils */,
				B6C966C11C148B3B00908EEA /* Const */,
				B6C966C01C148B0A00908EEA /* Vender */,
				B6C966971C1484B800908EEA /* Manager */,
				B6C966A11C1487DD00908EEA /* Base Class */,
				B6C966C31C148BC000908EEA /* Scenes */,
				B6C35FB71C14563500AEB514 /* AppDelegate.h */,
				B6C35FB81C14563500AEB514 /* AppDelegate.m */,
				B6C35FB41C14563500AEB514 /* Supporting Files */,
			);
			path = LxProjectTemplateDemo;
			sourceTree = "<group>";
		};
		B6C35FB41C14563500AEB514 /* Supporting Files */ = {
			isa = PBXGroup;
			children = (
				B6C35FC31C14563500AEB514 /* Assets.xcassets */,
				B6C35FC81C14563500AEB514 /* Info.plist */,
				B6C35FC51C14563500AEB514 /* LaunchScreen.storyboard */,
				B6C35FC01C14563500AEB514 /* LxProjectTemplateDemo.xcdatamodeld */,
				B6C35FB51C14563500AEB514 /* main.m */,
				B6C35FBD1C14563500AEB514 /* Main.storyboard */,
				B6C35FEA1C146C8700AEB514 /* LxProjectTemplateDemo.pch */,
			);
			name = "Supporting Files";
			sourceTree = "<group>";
		};
		B6C35FD01C14563500AEB514 /* LxProjectTemplateDemoTests */ = {
			isa = PBXGroup;
			children = (
				B6C35FD11C14563500AEB514 /* LxProjectTemplateDemoTests.m */,
				B6C35FD31C14563500AEB514 /* Info.plist */,
			);
			path = LxProjectTemplateDemoTests;
			sourceTree = "<group>";
		};
		B6C35FDB1C14563500AEB514 /* LxProjectTemplateDemoUITests */ = {
			isa = PBXGroup;
			children = (
				B6C35FDC1C14563500AEB514 /* LxProjectTemplateDemoUITests.m */,
				B6C35FDE1C14563500AEB514 /* Info.plist */,
			);
			path = LxProjectTemplateDemoUITests;
			sourceTree = "<group>";
		};
		B6C966971C1484B800908EEA /* Manager */ = {
			isa = PBXGroup;
			children = (
				B6C9669B1C1484ED00908EEA /* LxAccountManager.h */,
				B6C9669C1C1484ED00908EEA /* LxAccountManager.m */,
				B6C966981C1484DB00908EEA /* LxDataBaseManager.h */,
				B6C966991C1484DB00908EEA /* LxDataBaseManager.m */,
				B6C966941C1484AE00908EEA /* LxNetwotkManager.h */,
				B6C966951C1484AE00908EEA /* LxNetwotkManager.m */,
				B6C966C41C1492A400908EEA /* LxPushManager.h */,
				B6C966C51C1492A400908EEA /* LxPushManager.m */,
				B6C9669E1C14858400908EEA /* LxSettingManager.h */,
				B6C9669F1C14858400908EEA /* LxSettingManager.m */,
				B6C966C71C1492BD00908EEA /* LxShareManager.h */,
				B6C966C81C1492BD00908EEA /* LxShareManager.m */,
			);
			name = Manager;
			sourceTree = "<group>";
		};
		B6C966A11C1487DD00908EEA /* Base Class */ = {
			isa = PBXGroup;
			children = (
				B6C966AB1C14886D00908EEA /* LxBaseButton.h */,
				B6C966AC1C14886D00908EEA /* LxBaseButton.m */,
				B6C966B41C1488E300908EEA /* LxBaseCollectionVIew.h */,
				B6C966B51C1488E300908EEA /* LxBaseCollectionVIew.m */,
				B6C966B71C1488FA00908EEA /* LxBaseCollectionViewCell.h */,
				B6C966B81C1488FA00908EEA /* LxBaseCollectionViewCell.m */,
				B6C966A81C14885500908EEA /* LxBaseImageView.h */,
				B6C966A91C14885500908EEA /* LxBaseImageView.m */,
				B6C966A51C14883700908EEA /* LxBaseLabel.h */,
				B6C966A61C14883700908EEA /* LxBaseLabel.m */,
				B6C966AE1C1488A400908EEA /* LxBaseScrollView.h */,
				B6C966AF1C1488A400908EEA /* LxBaseScrollView.m */,
				B6C966B11C1488BF00908EEA /* LxBaseTableView.h */,
				B6C966B21C1488BF00908EEA /* LxBaseTableView.m */,
				B6C966BA1C14891200908EEA /* LxBaseTableViewCell.h */,
				B6C966BB1C14891200908EEA /* LxBaseTableViewCell.m */,
				B6C966BD1C14893100908EEA /* LxBaseTextView.h */,
				B6C966BE1C14893100908EEA /* LxBaseTextView.m */,
				B6C966A21C14882600908EEA /* LxBaseView.h */,
				B6C966A31C14882600908EEA /* LxBaseView.m */,
				BF9F04541C159C43004B4FCD /* LxBaseViewController.h */,
				BF9F04551C159C43004B4FCD /* LxBaseViewController.m */,
				BF9F04571C159C6A004B4FCD /* LxBaseTableViewController.h */,
				BF9F04581C159C6A004B4FCD /* LxBaseTableViewController.m */,
			);
			name = "Base Class";
			sourceTree = "<group>";
		};
		B6C966C01C148B0A00908EEA /* Vender */ = {
			isa = PBXGroup;
			children = (
			);
			name = Vender;
			sourceTree = "<group>";
		};
		B6C966C11C148B3B00908EEA /* Const */ = {
			isa = PBXGroup;
			children = (
				B6C35FEB1C146D5E00AEB514 /* ProjectImported.h */,
				BF6260061C1558030017615C /* ProjectConstants.h */,
				BF9F04621C159D02004B4FCD /* PromptString.h */,
			);
			name = Const;
			sourceTree = "<group>";
		};
		B6C966C21C148B5A00908EEA /* Utils */ = {
			isa = PBXGroup;
			children = (
				B61462381C1945C8000C571B /* DeveloperLxTools.h */,
				BF6260071C155C7E0017615C /* LxMacros.h */,
				BF6260081C155C7E0017615C /* LxMacros.m */,
				B614624E1C19663B000C571B /* Foundation */,
				B614624F1C19684E000C571B /* UIKit */,
			);
			name = Utils;
			sourceTree = "<group>";
		};
		B6C966C31C148BC000908EEA /* Scenes */ = {
			isa = PBXGroup;
			children = (
				BF625FFD1C1537860017615C /* Common */,
				BF9F04531C159BD2004B4FCD /* Login */,
				B6C35FBA1C14563500AEB514 /* ViewController.h */,
				B6C35FBB1C14563500AEB514 /* ViewController.m */,
			);
			name = Scenes;
			sourceTree = "<group>";
		};
		BF625FFD1C1537860017615C /* Common */ = {
			isa = PBXGroup;
			children = (
				BF625FFE1C1537BD0017615C /* Model */,
				BF625FFF1C1537CB0017615C /* View */,
				BF6260001C1537DD0017615C /* ViewController */,
			);
			name = Common;
			sourceTree = "<group>";
		};
		BF625FFE1C1537BD0017615C /* Model */ = {
			isa = PBXGroup;
			children = (
				BF6260011C1538340017615C /* LxUser.h */,
				BF6260021C1538340017615C /* LxUser.m */,
			);
			name = Model;
			sourceTree = "<group>";
		};
		BF625FFF1C1537CB0017615C /* View */ = {
			isa = PBXGroup;
			children = (
			);
			name = View;
			sourceTree = "<group>";
		};
		BF6260001C1537DD0017615C /* ViewController */ = {
			isa = PBXGroup;
			children = (
			);
			name = ViewController;
			sourceTree = "<group>";
		};
		BF9F04531C159BD2004B4FCD /* Login */ = {
			isa = PBXGroup;
			children = (
				BF9F045A1C159C8C004B4FCD /* LxLoginViewController.h */,
				BF9F045B1C159C8C004B4FCD /* LxLoginViewController.m */,
				BF9F045D1C159CAC004B4FCD /* LxRegisterViewController.h */,
				BF9F045E1C159CAC004B4FCD /* LxRegisterViewController.m */,
			);
			name = Login;
			sourceTree = "<group>";
		};
/* End PBXGroup section */

/* Begin PBXNativeTarget section */
		B6C35FB01C14563500AEB514 /* LxProjectTemplateDemo */ = {
			isa = PBXNativeTarget;
			buildConfigurationList = B6C35FE11C14563500AEB514 /* Build configuration list for PBXNativeTarget "LxProjectTemplateDemo" */;
			buildPhases = (
				64F60ECD318FA41DB68D8921 /* Check Pods Manifest.lock */,
				B6C35FAD1C14563500AEB514 /* Sources */,
				B6C35FAE1C14563500AEB514 /* Frameworks */,
				B6C35FAF1C14563500AEB514 /* Resources */,
				A798A01410CE777A2238074C /* Embed Pods Frameworks */,
				1E7C0802A9EC928B41315327 /* Copy Pods Resources */,
			);
			buildRules = (
			);
			dependencies = (
			);
			name = LxProjectTemplateDemo;
			productName = LxProjectTemplateDemo;
			productReference = B6C35FB11C14563500AEB514 /* LxProjectTemplateDemo.app */;
			productType = "com.apple.product-type.application";
		};
		B6C35FCC1C14563500AEB514 /* LxProjectTemplateDemoTests */ = {
			isa = PBXNativeTarget;
			buildConfigurationList = B6C35FE41C14563500AEB514 /* Build configuration list for PBXNativeTarget "LxProjectTemplateDemoTests" */;
			buildPhases = (
				B6C35FC91C14563500AEB514 /* Sources */,
				B6C35FCA1C14563500AEB514 /* Frameworks */,
				B6C35FCB1C14563500AEB514 /* Resources */,
			);
			buildRules = (
			);
			dependencies = (
				B6C35FCF1C14563500AEB514 /* PBXTargetDependency */,
			);
			name = LxProjectTemplateDemoTests;
			productName = LxProjectTemplateDemoTests;
			productReference = B6C35FCD1C14563500AEB514 /* LxProjectTemplateDemoTests.xctest */;
			productType = "com.apple.product-type.bundle.unit-test";
		};
		B6C35FD71C14563500AEB514 /* LxProjectTemplateDemoUITests */ = {
			isa = PBXNativeTarget;
			buildConfigurationList = B6C35FE71C14563500AEB514 /* Build configuration list for PBXNativeTarget "LxProjectTemplateDemoUITests" */;
			buildPhases = (
				B6C35FD41C14563500AEB514 /* Sources */,
				B6C35FD51C14563500AEB514 /* Frameworks */,
				B6C35FD61C14563500AEB514 /* Resources */,
			);
			buildRules = (
			);
			dependencies = (
				B6C35FDA1C14563500AEB514 /* PBXTargetDependency */,
			);
			name = LxProjectTemplateDemoUITests;
			productName = LxProjectTemplateDemoUITests;
			productReference = B6C35FD81C14563500AEB514 /* LxProjectTemplateDemoUITests.xctest */;
			productType = "com.apple.product-type.bundle.ui-testing";
		};
/* End PBXNativeTarget section */

/* Begin PBXProject section */
		B6C35FA91C14563500AEB514 /* Project object */ = {
			isa = PBXProject;
			attributes = {
				LastUpgradeCheck = 0710;
				ORGANIZATIONNAME = DeveloperLx;
				TargetAttributes = {
					B6C35FB01C14563500AEB514 = {
						CreatedOnToolsVersion = 7.1.1;
					};
					B6C35FCC1C14563500AEB514 = {
						CreatedOnToolsVersion = 7.1.1;
						TestTargetID = B6C35FB01C14563500AEB514;
					};
					B6C35FD71C14563500AEB514 = {
						CreatedOnToolsVersion = 7.1.1;
						TestTargetID = B6C35FB01C14563500AEB514;
					};
				};
			};
			buildConfigurationList = B6C35FAC1C14563500AEB514 /* Build configuration list for PBXProject "LxProjectTemplateDemo" */;
			compatibilityVersion = "Xcode 3.2";
			developmentRegion = English;
			hasScannedForEncodings = 0;
			knownRegions = (
				en,
				Base,
			);
			mainGroup = B6C35FA81C14563500AEB514;
			productRefGroup = B6C35FB21C14563500AEB514 /* Products */;
			projectDirPath = "";
			projectRoot = "";
			targets = (
				B6C35FB01C14563500AEB514 /* LxProjectTemplateDemo */,
				B6C35FCC1C14563500AEB514 /* LxProjectTemplateDemoTests */,
				B6C35FD71C14563500AEB514 /* LxProjectTemplateDemoUITests */,
			);
		};
/* End PBXProject section */

/* Begin PBXResourcesBuildPhase section */
		B6C35FAF1C14563500AEB514 /* Resources */ = {
			isa = PBXResourcesBuildPhase;
			buildActionMask = 2147483647;
			files = (
				B6C35FC71C14563500AEB514 /* LaunchScreen.storyboard in Resources */,
				B6C35FC41C14563500AEB514 /* Assets.xcassets in Resources */,
				B6C35FBF1C14563500AEB514 /* Main.storyboard in Resources */,
			);
			runOnlyForDeploymentPostprocessing = 0;
		};
		B6C35FCB1C14563500AEB514 /* Resources */ = {
			isa = PBXResourcesBuildPhase;
			buildActionMask = 2147483647;
			files = (
			);
			runOnlyForDeploymentPostprocessing = 0;
		};
		B6C35FD61C14563500AEB514 /* Resources */ = {
			isa = PBXResourcesBuildPhase;
			buildActionMask = 2147483647;
			files = (
			);
			runOnlyForDeploymentPostprocessing = 0;
		};
/* End PBXResourcesBuildPhase section */

/* Begin PBXShellScriptBuildPhase section */
		1E7C0802A9EC928B41315327 /* Copy Pods Resources */ = {
			isa = PBXShellScriptBuildPhase;
			buildActionMask = 2147483647;
			files = (
			);
			inputPaths = (
			);
			name = "Copy Pods Resources";
			outputPaths = (
			);
			runOnlyForDeploymentPostprocessing = 0;
			shellPath = /bin/sh;
			shellScript = "\"${SRCROOT}/Pods/Target Support Files/Pods-LxProjectTemplateDemo/Pods-LxProjectTemplateDemo-resources.sh\"\n";
			showEnvVarsInLog = 0;
		};
		64F60ECD318FA41DB68D8921 /* Check Pods Manifest.lock */ = {
			isa = PBXShellScriptBuildPhase;
			buildActionMask = 2147483647;
			files = (
			);
			inputPaths = (
			);
			name = "Check Pods Manifest.lock";
			outputPaths = (
			);
			runOnlyForDeploymentPostprocessing = 0;
			shellPath = /bin/sh;
			shellScript = "diff \"${PODS_ROOT}/../Podfile.lock\" \"${PODS_ROOT}/Manifest.lock\" > /dev/null\nif [[ $? != 0 ]] ; then\n    cat << EOM\nerror: The sandbox is not in sync with the Podfile.lock. Run 'pod install' or update your CocoaPods installation.\nEOM\n    exit 1\nfi\n";
			showEnvVarsInLog = 0;
		};
		A798A01410CE777A2238074C /* Embed Pods Frameworks */ = {
			isa = PBXShellScriptBuildPhase;
			buildActionMask = 2147483647;
			files = (
			);
			inputPaths = (
			);
			name = "Embed Pods Frameworks";
			outputPaths = (
			);
			runOnlyForDeploymentPostprocessing = 0;
			shellPath = /bin/sh;
			shellScript = "\"${SRCROOT}/Pods/Target Support Files/Pods-LxProjectTemplateDemo/Pods-LxProjectTemplateDemo-frameworks.sh\"\n";
			showEnvVarsInLog = 0;
		};
/* End PBXShellScriptBuildPhase section */

/* Begin PBXSourcesBuildPhase section */
		B6C35FAD1C14563500AEB514 /* Sources */ = {
			isa = PBXSourcesBuildPhase;
			buildActionMask = 2147483647;
			files = (
				B61462371C192A50000C571B /* NSObject+LxTools.m in Sources */,
				B614626D1C196C8E000C571B /* UIDevice+LxTools.m in Sources */,
				B61462471C195B37000C571B /* NSDictionary+LxTools.m in Sources */,
				B6C35FBC1C14563500AEB514 /* ViewController.m in Sources */,
				B614625E1C196BC9000C571B /* UITableView+LxTools.m in Sources */,
				BF9F045C1C159C8C004B4FCD /* LxLoginViewController.m in Sources */,
				B6C966AA1C14885500908EEA /* LxBaseImageView.m in Sources */,
				B6C966A71C14883700908EEA /* LxBaseLabel.m in Sources */,
				B614624A1C195D0A000C571B /* NSData+LxTools.m in Sources */,
				B6C35FB91C14563500AEB514 /* AppDelegate.m in Sources */,
				BF9F045F1C159CAC004B4FCD /* LxRegisterViewController.m in Sources */,
				B61462441C19597A000C571B /* NSMutableArray+LxTools.m in Sources */,
				B6C966A01C14858400908EEA /* LxSettingManager.m in Sources */,
				B6C966B61C1488E300908EEA /* LxBaseCollectionVIew.m in Sources */,
				B6C966BF1C14893100908EEA /* LxBaseTextView.m in Sources */,
				B6C966AD1C14886D00908EEA /* LxBaseButton.m in Sources */,
				B6C966BC1C14891200908EEA /* LxBaseTableViewCell.m in Sources */,
				B61462611C196BDF000C571B /* UICollectionView+LxTools.m in Sources */,
				B614623E1C194E18000C571B /* NSArray+LxTools.m in Sources */,
				B6C9669D1C1484ED00908EEA /* LxAccountManager.m in Sources */,
				B61462671C196C56000C571B /* UITableViewCell+LxTools.m in Sources */,
				B6C966B01C1488A400908EEA /* LxBaseScrollView.m in Sources */,
				B6C35FC21C14563500AEB514 /* LxProjectTemplateDemo.xcdatamodeld in Sources */,
				B61462761C196CFF000C571B /* UITextView+LxTools.m in Sources */,
				B61462791C1973A8000C571B /* UIWebView+LxTools.m in Sources */,
				BF9F04591C159C6A004B4FCD /* LxBaseTableViewController.m in Sources */,
				B6C35FB61C14563500AEB514 /* main.m in Sources */,
				B6C966B91C1488FA00908EEA /* LxBaseCollectionViewCell.m in Sources */,
				BF9F04561C159C43004B4FCD /* LxBaseViewController.m in Sources */,
				B6C966B31C1488BF00908EEA /* LxBaseTableView.m in Sources */,
				B6C966C61C1492A400908EEA /* LxPushManager.m in Sources */,
				B614625B1C196BA8000C571B /* UIScrollView+LxTools.m in Sources */,
				BF6260091C155C7E0017615C /* LxMacros.m in Sources */,
				B61462551C196B35000C571B /* UIImage+LxTools.m in Sources */,
				B61462641C196C43000C571B /* UICollectionViewCell+LxTools.m in Sources */,
				B6C966A41C14882600908EEA /* LxBaseView.m in Sources */,
				B6C966C91C1492BD00908EEA /* LxShareManager.m in Sources */,
				B6C9669A1C1484DB00908EEA /* LxDataBaseManager.m in Sources */,
				B614626A1C196C79000C571B /* UIScreen+LxTools.m in Sources */,
				BF6260031C1538340017615C /* LxUser.m in Sources */,
				B61462701C196CD5000C571B /* UILabel+LxTools.m in Sources */,
				B61462731C196CE9000C571B /* UITextField+LxTools.m in Sources */,
				B614624D1C195DFD000C571B /* NSDate+LxTools.m in Sources */,
				B61462581C196B8F000C571B /* UIView+LxTools.m in Sources */,
				B61462521C196A2D000C571B /* UIColor+LxTools.m in Sources */,
				B61462411C195920000C571B /* NSString+LxTools.m in Sources */,
				B6C966961C1484AE00908EEA /* LxNetwotkManager.m in Sources */,
			);
			runOnlyForDeploymentPostprocessing = 0;
		};
		B6C35FC91C14563500AEB514 /* Sources */ = {
			isa = PBXSourcesBuildPhase;
			buildActionMask = 2147483647;
			files = (
				BF6260041C1538340017615C /* LxUser.m in Sources */,
				BF9F04601C159CAC004B4FCD /* LxRegisterViewController.m in Sources */,
				B6C35FD21C14563500AEB514 /* LxProjectTemplateDemoTests.m in Sources */,
			);
			runOnlyForDeploymentPostprocessing = 0;
		};
		B6C35FD41C14563500AEB514 /* Sources */ = {
			isa = PBXSourcesBuildPhase;
			buildActionMask = 2147483647;
			files = (
				BF6260051C1538340017615C /* LxUser.m in Sources */,
				BF9F04611C159CAC004B4FCD /* LxRegisterViewController.m in Sources */,
				B6C35FDD1C14563500AEB514 /* LxProjectTemplateDemoUITests.m in Sources */,
			);
			runOnlyForDeploymentPostprocessing = 0;
		};
/* End PBXSourcesBuildPhase section */

/* Begin PBXTargetDependency section */
		B6C35FCF1C14563500AEB514 /* PBXTargetDependency */ = {
			isa = PBXTargetDependency;
			target = B6C35FB01C14563500AEB514 /* LxProjectTemplateDemo */;
			targetProxy = B6C35FCE1C14563500AEB514 /* PBXContainerItemProxy */;
		};
		B6C35FDA1C14563500AEB514 /* PBXTargetDependency */ = {
			isa = PBXTargetDependency;
			target = B6C35FB01C14563500AEB514 /* LxProjectTemplateDemo */;
			targetProxy = B6C35FD91C14563500AEB514 /* PBXContainerItemProxy */;
		};
/* End PBXTargetDependency section */

/* Begin PBXVariantGroup section */
		B6C35FBD1C14563500AEB514 /* Main.storyboard */ = {
			isa = PBXVariantGroup;
			children = (
				B6C35FBE1C14563500AEB514 /* Base */,
			);
			name = Main.storyboard;
			sourceTree = "<group>";
		};
		B6C35FC51C14563500AEB514 /* LaunchScreen.storyboard */ = {
			isa = PBXVariantGroup;
			children = (
				B6C35FC61C14563500AEB514 /* Base */,
			);
			name = LaunchScreen.storyboard;
			sourceTree = "<group>";
		};
/* End PBXVariantGroup section */

/* Begin XCBuildConfiguration section */
		B6C35FDF1C14563500AEB514 /* Debug */ = {
			isa = XCBuildConfiguration;
			buildSettings = {
				ALWAYS_SEARCH_USER_PATHS = NO;
				CLANG_CXX_LANGUAGE_STANDARD = "gnu++0x";
				CLANG_CXX_LIBRARY = "libc++";
				CLANG_ENABLE_MODULES = YES;
				CLANG_ENABLE_OBJC_ARC = YES;
				CLANG_WARN_BOOL_CONVERSION = YES;
				CLANG_WARN_CONSTANT_CONVERSION = YES;
				CLANG_WARN_DIRECT_OBJC_ISA_USAGE = YES_ERROR;
				CLANG_WARN_EMPTY_BODY = YES;
				CLANG_WARN_ENUM_CONVERSION = YES;
				CLANG_WARN_INT_CONVERSION = YES;
				CLANG_WARN_OBJC_ROOT_CLASS = YES_ERROR;
				CLANG_WARN_UNREACHABLE_CODE = YES;
				CLANG_WARN__DUPLICATE_METHOD_MATCH = YES;
				"CODE_SIGN_IDENTITY[sdk=iphoneos*]" = "iPhone Developer";
				COPY_PHASE_STRIP = NO;
				DEBUG_INFORMATION_FORMAT = dwarf;
				ENABLE_STRICT_OBJC_MSGSEND = YES;
				ENABLE_TESTABILITY = YES;
				GCC_C_LANGUAGE_STANDARD = gnu99;
				GCC_DYNAMIC_NO_PIC = NO;
				GCC_NO_COMMON_BLOCKS = YES;
				GCC_OPTIMIZATION_LEVEL = 0;
				GCC_PREPROCESSOR_DEFINITIONS = (
					"DEBUG=1",
					"$(inherited)",
				);
				GCC_WARN_64_TO_32_BIT_CONVERSION = YES;
				GCC_WARN_ABOUT_RETURN_TYPE = YES_ERROR;
				GCC_WARN_UNDECLARED_SELECTOR = YES;
				GCC_WARN_UNINITIALIZED_AUTOS = YES_AGGRESSIVE;
				GCC_WARN_UNUSED_FUNCTION = YES;
				GCC_WARN_UNUSED_VARIABLE = YES;
				IPHONEOS_DEPLOYMENT_TARGET = 8.0;
				MTL_ENABLE_DEBUG_INFO = YES;
				ONLY_ACTIVE_ARCH = YES;
				SDKROOT = iphoneos;
				TARGETED_DEVICE_FAMILY = "1,2";
			};
			name = Debug;
		};
		B6C35FE01C14563500AEB514 /* Release */ = {
			isa = XCBuildConfiguration;
			buildSettings = {
				ALWAYS_SEARCH_USER_PATHS = NO;
				CLANG_CXX_LANGUAGE_STANDARD = "gnu++0x";
				CLANG_CXX_LIBRARY = "libc++";
				CLANG_ENABLE_MODULES = YES;
				CLANG_ENABLE_OBJC_ARC = YES;
				CLANG_WARN_BOOL_CONVERSION = YES;
				CLANG_WARN_CONSTANT_CONVERSION = YES;
				CLANG_WARN_DIRECT_OBJC_ISA_USAGE = YES_ERROR;
				CLANG_WARN_EMPTY_BODY = YES;
				CLANG_WARN_ENUM_CONVERSION = YES;
				CLANG_WARN_INT_CONVERSION = YES;
				CLANG_WARN_OBJC_ROOT_CLASS = YES_ERROR;
				CLANG_WARN_UNREACHABLE_CODE = YES;
				CLANG_WARN__DUPLICATE_METHOD_MATCH = YES;
				"CODE_SIGN_IDENTITY[sdk=iphoneos*]" = "iPhone Developer";
				COPY_PHASE_STRIP = NO;
				DEBUG_INFORMATION_FORMAT = "dwarf-with-dsym";
				ENABLE_NS_ASSERTIONS = NO;
				ENABLE_STRICT_OBJC_MSGSEND = YES;
				GCC_C_LANGUAGE_STANDARD = gnu99;
				GCC_NO_COMMON_BLOCKS = YES;
				GCC_WARN_64_TO_32_BIT_CONVERSION = YES;
				GCC_WARN_ABOUT_RETURN_TYPE = YES_ERROR;
				GCC_WARN_UNDECLARED_SELECTOR = YES;
				GCC_WARN_UNINITIALIZED_AUTOS = YES_AGGRESSIVE;
				GCC_WARN_UNUSED_FUNCTION = YES;
				GCC_WARN_UNUSED_VARIABLE = YES;
				IPHONEOS_DEPLOYMENT_TARGET = 8.0;
				MTL_ENABLE_DEBUG_INFO = NO;
				SDKROOT = iphoneos;
				TARGETED_DEVICE_FAMILY = "1,2";
				VALIDATE_PRODUCT = YES;
			};
			name = Release;
		};
		B6C35FE21C14563500AEB514 /* Debug */ = {
			isa = XCBuildConfiguration;
			baseConfigurationReference = 5A5D78069E6E1ACB563C884B /* Pods-LxProjectTemplateDemo.debug.xcconfig */;
			buildSettings = {
				ASSETCATALOG_COMPILER_APPICON_NAME = AppIcon;
				ENABLE_BITCODE = NO;
				GCC_PREFIX_HEADER = "$(SRCROOT)/LxProjectTemplateDemo/LxProjectTemplateDemo.pch";
				INFOPLIST_FILE = LxProjectTemplateDemo/Info.plist;
				IPHONEOS_DEPLOYMENT_TARGET = 8.0;
				LD_RUNPATH_SEARCH_PATHS = "$(inherited) @executable_path/Frameworks";
				PRODUCT_BUNDLE_IDENTIFIER = com.etiantian.LxProjectTemplateDemo;
				PRODUCT_NAME = "$(TARGET_NAME)";
			};
			name = Debug;
		};
		B6C35FE31C14563500AEB514 /* Release */ = {
			isa = XCBuildConfiguration;
			baseConfigurationReference = 0193CC4E338D04AE2E0D9C4B /* Pods-LxProjectTemplateDemo.release.xcconfig */;
			buildSettings = {
				ASSETCATALOG_COMPILER_APPICON_NAME = AppIcon;
				ENABLE_BITCODE = NO;
				GCC_PREFIX_HEADER = "$(SRCROOT)/LxProjectTemplateDemo/LxProjectTemplateDemo.pch";
				INFOPLIST_FILE = LxProjectTemplateDemo/Info.plist;
				IPHONEOS_DEPLOYMENT_TARGET = 8.0;
				LD_RUNPATH_SEARCH_PATHS = "$(inherited) @executable_path/Frameworks";
				PRODUCT_BUNDLE_IDENTIFIER = com.etiantian.LxProjectTemplateDemo;
				PRODUCT_NAME = "$(TARGET_NAME)";
			};
			name = Release;
		};
		B6C35FE51C14563500AEB514 /* Debug */ = {
			isa = XCBuildConfiguration;
			buildSettings = {
				BUNDLE_LOADER = "$(TEST_HOST)";
				INFOPLIST_FILE = LxProjectTemplateDemoTests/Info.plist;
				LD_RUNPATH_SEARCH_PATHS = "$(inherited) @executable_path/Frameworks @loader_path/Frameworks";
				PRODUCT_BUNDLE_IDENTIFIER = com.etiantian.LxProjectTemplateDemoTests;
				PRODUCT_NAME = "$(TARGET_NAME)";
				TEST_HOST = "$(BUILT_PRODUCTS_DIR)/LxProjectTemplateDemo.app/LxProjectTemplateDemo";
			};
			name = Debug;
		};
		B6C35FE61C14563500AEB514 /* Release */ = {
			isa = XCBuildConfiguration;
			buildSettings = {
				BUNDLE_LOADER = "$(TEST_HOST)";
				INFOPLIST_FILE = LxProjectTemplateDemoTests/Info.plist;
				LD_RUNPATH_SEARCH_PATHS = "$(inherited) @executable_path/Frameworks @loader_path/Frameworks";
				PRODUCT_BUNDLE_IDENTIFIER = com.etiantian.LxProjectTemplateDemoTests;
				PRODUCT_NAME = "$(TARGET_NAME)";
				TEST_HOST = "$(BUILT_PRODUCTS_DIR)/LxProjectTemplateDemo.app/LxProjectTemplateDemo";
			};
			name = Release;
		};
		B6C35FE81C14563500AEB514 /* Debug */ = {
			isa = XCBuildConfiguration;
			buildSettings = {
				INFOPLIST_FILE = LxProjectTemplateDemoUITests/Info.plist;
				LD_RUNPATH_SEARCH_PATHS = "$(inherited) @executable_path/Frameworks @loader_path/Frameworks";
				PRODUCT_BUNDLE_IDENTIFIER = com.etiantian.LxProjectTemplateDemoUITests;
				PRODUCT_NAME = "$(TARGET_NAME)";
				TEST_TARGET_NAME = LxProjectTemplateDemo;
				USES_XCTRUNNER = YES;
			};
			name = Debug;
		};
		B6C35FE91C14563500AEB514 /* Release */ = {
			isa = XCBuildConfiguration;
			buildSettings = {
				INFOPLIST_FILE = LxProjectTemplateDemoUITests/Info.plist;
				LD_RUNPATH_SEARCH_PATHS = "$(inherited) @executable_path/Frameworks @loader_path/Frameworks";
				PRODUCT_BUNDLE_IDENTIFIER = com.etiantian.LxProjectTemplateDemoUITests;
				PRODUCT_NAME = "$(TARGET_NAME)";
				TEST_TARGET_NAME = LxProjectTemplateDemo;
				USES_XCTRUNNER = YES;
			};
			name = Release;
		};
/* End XCBuildConfiguration section */

/* Begin XCConfigurationList section */
		B6C35FAC1C14563500AEB514 /* Build configuration list for PBXProject "LxProjectTemplateDemo" */ = {
			isa = XCConfigurationList;
			buildConfigurations = (
				B6C35FDF1C14563500AEB514 /* Debug */,
				B6C35FE01C14563500AEB514 /* Release */,
			);
			defaultConfigurationIsVisible = 0;
			defaultConfigurationName = Release;
		};
		B6C35FE11C14563500AEB514 /* Build configuration list for PBXNativeTarget "LxProjectTemplateDemo" */ = {
			isa = XCConfigurationList;
			buildConfigurations = (
				B6C35FE21C14563500AEB514 /* Debug */,
				B6C35FE31C14563500AEB514 /* Release */,
			);
			defaultConfigurationIsVisible = 0;
			defaultConfigurationName = Release;
		};
		B6C35FE41C14563500AEB514 /* Build configuration list for PBXNativeTarget "LxProjectTemplateDemoTests" */ = {
			isa = XCConfigurationList;
			buildConfigurations = (
				B6C35FE51C14563500AEB514 /* Debug */,
				B6C35FE61C14563500AEB514 /* Release */,
			);
			defaultConfigurationIsVisible = 0;
			defaultConfigurationName = Release;
		};
		B6C35FE71C14563500AEB514 /* Build configuration list for PBXNativeTarget "LxProjectTemplateDemoUITests" */ = {
			isa = XCConfigurationList;
			buildConfigurations = (
				B6C35FE81C14563500AEB514 /* Debug */,
				B6C35FE91C14563500AEB514 /* Release */,
			);
			defaultConfigurationIsVisible = 0;
			defaultConfigurationName = Release;
		};
/* End XCConfigurationList section */

/* Begin XCVersionGroup section */
		B6C35FC01C14563500AEB514 /* LxProjectTemplateDemo.xcdatamodeld */ = {
			isa = XCVersionGroup;
			children = (
				B6C35FC11C14563500AEB514 /* LxProjectTemplateDemo.xcdatamodel */,
			);
			currentVersion = B6C35FC11C14563500AEB514 /* LxProjectTemplateDemo.xcdatamodel */;
			path = LxProjectTemplateDemo.xcdatamodeld;
			sourceTree = "<group>";
			versionGroupType = wrapper.xcdatamodel;
		};
/* End XCVersionGroup section */
	};
	rootObject = B6C35FA91C14563500AEB514 /* Project object */;
}
